
Microsoft Visual Studio Solution File, Format Version 12.00
# Visual Studio Version 16
VisualStudioVersion = 16.0.28531.58
MinimumVisualStudioVersion = 10.0.40219.1
Project("{FAE04EC0-301F-11D3-BF4B-00C04F79EFBC}") = "DanishRegisterOfMotorVehicles.Api", "DanishRegisterOfMotorVehicles\DanishRegisterOfMotorVehicles.Api.csproj", "{E5067571-76A7-4346-BED0-5881712871DB}"
EndProject
Global
	GlobalSection(SolutionConfigurationPlatforms) = preSolution
		Debug|Any CPU = Debug|Any CPU
		Release|Any CPU = Release|Any CPU
	EndGlobalSection
	GlobalSection(ProjectConfigurationPlatforms) = postSolution
		{E5067571-76A7-4346-BED0-5881712871DB}.Debug|Any CPU.ActiveCfg = Debug|Any CPU
		{E5067571-76A7-4346-BED0-5881712871DB}.Debug|Any CPU.Build.0 = Debug|Any CPU
		{E5067571-76A7-4346-BED0-5881712871DB}.Release|Any CPU.ActiveCfg = Release|Any CPU
		{E5067571-76A7-4346-BED0-5881712871DB}.Release|Any CPU.Build.0 = Release|Any CPU
	EndGlobalSection
	GlobalSection(SolutionProperties) = preSolution
		HideSolutionNode = FALSE
	EndGlobalSection
	GlobalSection(ExtensibilityGlobals) = postSolution
		SolutionGuid = {9D09F648-F274-4153-8306-2EB4A63C99FB}
	EndGlobalSection
EndGlobal
